
Microsoft Visual Studio Solution File, Format Version 12.00
# Visual Studio Version 17
VisualStudioVersion = 17.5.002.0
MinimumVisualStudioVersion = 10.0.40219.1
Project("{9A19103F-16F7-4668-BE54-9A1E7A4F7556}") = "shortenerTools", "src\shortenerTools\shortenerTools.csproj", "{31BE2C81-7C54-4717-BB2E-E9244E328FB4}"
EndProject
Project("{9A19103F-16F7-4668-BE54-9A1E7A4F7556}") = "adminBlazorWebsite", "src\adminTools\adminBlazorWebsite\src\adminBlazorWebsite.csproj", "{215AC50A-D874-478C-A04D-EA963C8DB95C}"
EndProject
Global
	GlobalSection(SolutionConfigurationPlatforms) = preSolution
		Debug|Any CPU = Debug|Any CPU
		Release|Any CPU = Release|Any CPU
	EndGlobalSection
	GlobalSection(ProjectConfigurationPlatforms) = postSolution
		{31BE2C81-7C54-4717-BB2E-E9244E328FB4}.Debug|Any CPU.ActiveCfg = Debug|Any CPU
		{31BE2C81-7C54-4717-BB2E-E9244E328FB4}.Debug|Any CPU.Build.0 = Debug|Any CPU
		{31BE2C81-7C54-4717-BB2E-E9244E328FB4}.Release|Any CPU.ActiveCfg = Release|Any CPU
		{31BE2C81-7C54-4717-BB2E-E9244E328FB4}.Release|Any CPU.Build.0 = Release|Any CPU
		{215AC50A-D874-478C-A04D-EA963C8DB95C}.Debug|Any CPU.ActiveCfg = Debug|Any CPU
		{215AC50A-D874-478C-A04D-EA963C8DB95C}.Debug|Any CPU.Build.0 = Debug|Any CPU
		{215AC50A-D874-478C-A04D-EA963C8DB95C}.Release|Any CPU.ActiveCfg = Release|Any CPU
		{215AC50A-D874-478C-A04D-EA963C8DB95C}.Release|Any CPU.Build.0 = Release|Any CPU
	EndGlobalSection
	GlobalSection(SolutionProperties) = preSolution
		HideSolutionNode = FALSE
	EndGlobalSection
	GlobalSection(ExtensibilityGlobals) = postSolution
		SolutionGuid = {A913E915-B1B5-4DCE-8DC7-F3529890C6B1}
	EndGlobalSection
EndGlobal
